
Microsoft Visual Studio Solution File, Format Version 12.00
# Visual Studio Version 17
VisualStudioVersion = 17.3.32929.385
MinimumVisualStudioVersion = 10.0.40219.1
Project("{9A19103F-16F7-4668-BE54-9A1E7A4F7556}") = "PasswordGenerator", "PasswordGenerator\PasswordGenerator.csproj", "{A89507A8-3EC0-4804-AC33-A4D11672CB9B}"
EndProject
Global
	GlobalSection(SolutionConfigurationPlatforms) = preSolution
		Debug|Any CPU = Debug|Any CPU
		Release|Any CPU = Release|Any CPU
	EndGlobalSection
	GlobalSection(ProjectConfigurationPlatforms) = postSolution
		{A89507A8-3EC0-4804-AC33-A4D11672CB9B}.Debug|Any CPU.ActiveCfg = Debug|Any CPU
		{A89507A8-3EC0-4804-AC33-A4D11672CB9B}.Debug|Any CPU.Build.0 = Debug|Any CPU
		{A89507A8-3EC0-4804-AC33-A4D11672CB9B}.Release|Any CPU.ActiveCfg = Release|Any CPU
		{A89507A8-3EC0-4804-AC33-A4D11672CB9B}.Release|Any CPU.Build.0 = Release|Any CPU
	EndGlobalSection
	GlobalSection(SolutionProperties) = preSolution
		HideSolutionNode = FALSE
	EndGlobalSection
	GlobalSection(ExtensibilityGlobals) = postSolution
		SolutionGuid = {EF032B81-091F-49C9-BD96-6E293F541E9E}
	EndGlobalSection
EndGlobal
